Microsoft Visual Studio Solution File, Format Version 11.00
# Visual Studio 2008

Project("{BEB3A420-8A8B-3C7A-1F12-63C20DBD4A59}") = "survival shooter4.5", "Assembly-CSharp.csproj", "{A2803AAE-E3AD-A2D9-5023-28E391FDF1AA}"
EndProject
Project("{BEB3A420-8A8B-3C7A-1F12-63C20DBD4A59}") = "survival shooter4.5", "Assembly-CSharp-Editor.csproj", "{877727DA-0464-48DF-F252-A0CBC00415BA}"
EndProject
Global
	GlobalSection(SolutionConfigurationPlatforms) = preSolution
		Debug|Any CPU = Debug|Any CPU
		Release|Any CPU = Release|Any CPU
	EndGlobalSection
	GlobalSection(ProjectConfigurationPlatforms) = postSolution
		{A2803AAE-E3AD-A2D9-5023-28E391FDF1AA}.Debug|Any CPU.ActiveCfg = Debug|Any CPU
		{A2803AAE-E3AD-A2D9-5023-28E391FDF1AA}.Debug|Any CPU.Build.0 = Debug|Any CPU
		{A2803AAE-E3AD-A2D9-5023-28E391FDF1AA}.Release|Any CPU.ActiveCfg = Release|Any CPU
		{A2803AAE-E3AD-A2D9-5023-28E391FDF1AA}.Release|Any CPU.Build.0 = Release|Any CPU
		{877727DA-0464-48DF-F252-A0CBC00415BA}.Debug|Any CPU.ActiveCfg = Debug|Any CPU
		{877727DA-0464-48DF-F252-A0CBC00415BA}.Debug|Any CPU.Build.0 = Debug|Any CPU
		{877727DA-0464-48DF-F252-A0CBC00415BA}.Release|Any CPU.ActiveCfg = Release|Any CPU
		{877727DA-0464-48DF-F252-A0CBC00415BA}.Release|Any CPU.Build.0 = Release|Any CPU
	EndGlobalSection
	GlobalSection(SolutionProperties) = preSolution
		HideSolutionNode = FALSE
	EndGlobalSection
																																																																																																									GlobalSection(MonoDevelopProperties) = preSolution
		StartupItem = Assembly-CSharp.csproj
		Policies = $0
		$0.TextStylePolicy = $1
		$1.inheritsSet = null
		$1.scope = text/x-csharp
		$0.CSharpFormattingPolicy = $2
		$2.inheritsSet = Mono
		$2.inheritsScope = text/x-csharp
		$2.scope = text/x-csharp
		$0.TextStylePolicy = $3
		$3.FileWidth = 120
		$3.TabWidth = 4
		$3.EolMarker = Unix
		$3.inheritsSet = Mono
		$3.inheritsScope = text/plain
		$3.scope = text/plain
	EndGlobalSection

EndGlobal
